
Microsoft Visual Studio Solution File, Format Version 12.00
# Visual Studio Version 17
VisualStudioVersion = 17.0.32112.339
MinimumVisualStudioVersion = 10.0.40219.1
Project("{FAE04EC0-301F-11D3-BF4B-00C04F79EFBC}") = "PrintLibrary", "PrintLibrary.csproj", "{2BCE83B8-2C0D-4CBE-A6AB-C8F2B98E8C5A}"
EndProject
Global
	GlobalSection(SolutionConfigurationPlatforms) = preSolution
		Debug|Any CPU = Debug|Any CPU
		Release|Any CPU = Release|Any CPU
	EndGlobalSection
	GlobalSection(ProjectConfigurationPlatforms) = postSolution
		{2BCE83B8-2C0D-4CBE-A6AB-C8F2B98E8C5A}.Debug|Any CPU.ActiveCfg = Debug|Any CPU
		{2BCE83B8-2C0D-4CBE-A6AB-C8F2B98E8C5A}.Debug|Any CPU.Build.0 = Debug|Any CPU
		{2BCE83B8-2C0D-4CBE-A6AB-C8F2B98E8C5A}.Release|Any CPU.ActiveCfg = Release|Any CPU
		{2BCE83B8-2C0D-4CBE-A6AB-C8F2B98E8C5A}.Release|Any CPU.Build.0 = Release|Any CPU
	EndGlobalSection
	GlobalSection(SolutionProperties) = preSolution
		HideSolutionNode = FALSE
	EndGlobalSection
	GlobalSection(ExtensibilityGlobals) = postSolution
		SolutionGuid = {6C6AB308-E816-4E0A-A0A6-C2F1C3259B46}
	EndGlobalSection
EndGlobal
